
Microsoft Visual Studio Solution File, Format Version 12.00
# Visual Studio Version 17
VisualStudioVersion = 17.14.36202.13 d17.14
MinimumVisualStudioVersion = 10.0.40219.1
Project("{FAE04EC0-301F-11D3-BF4B-00C04F79EFBC}") = "UmbracoCMS", "UmbracoCMS\UmbracoCMS.csproj", "{580A4049-A460-4E8C-8175-FA241E7BB9A0}"
EndProject
Global
	GlobalSection(SolutionConfigurationPlatforms) = preSolution
		Debug|Any CPU = Debug|Any CPU
		Release|Any CPU = Release|Any CPU
	EndGlobalSection
	GlobalSection(ProjectConfigurationPlatforms) = postSolution
		{580A4049-A460-4E8C-8175-FA241E7BB9A0}.Debug|Any CPU.ActiveCfg = Debug|Any CPU
		{580A4049-A460-4E8C-8175-FA241E7BB9A0}.Debug|Any CPU.Build.0 = Debug|Any CPU
		{580A4049-A460-4E8C-8175-FA241E7BB9A0}.Release|Any CPU.ActiveCfg = Release|Any CPU
		{580A4049-A460-4E8C-8175-FA241E7BB9A0}.Release|Any CPU.Build.0 = Release|Any CPU
	EndGlobalSection
	GlobalSection(SolutionProperties) = preSolution
		HideSolutionNode = FALSE
	EndGlobalSection
	GlobalSection(ExtensibilityGlobals) = postSolution
		SolutionGuid = {AB900220-E0C1-489D-A0B9-BAA93DF174C1}
	EndGlobalSection
EndGlobal
